// !$*UTF8*$!
{
	archiveVersion = 1;
	classes = {
	};
	objectVersion = 56;
	objects = {

/* Begin PBXBuildFile section */
		4427FD812D34207F00483980 /* Bear_Classifier_AppApp.swift in Sources */ = {isa = PBXBuildFile; fileRef = 4427FD802D34207F00483980 /* Bear_Classifier_AppApp.swift */; };
		4427FD832D34207F00483980 /* ContentView.swift in Sources */ = {isa = PBXBuildFile; fileRef = 4427FD822D34207F00483980 /* ContentView.swift */; };
		4427FD852D34207F00483980 /* Item.swift in Sources */ = {isa = PBXBuildFile; fileRef = 4427FD842D34207F00483980 /* Item.swift */; };
		4427FD872D34208100483980 /* Assets.xcassets in Resources */ = {isa = PBXBuildFile; fileRef = 4427FD862D34208100483980 /* Assets.xcassets */; };
		4427FD8B2D34208100483980 /* Preview Assets.xcassets in Resources */ = {isa = PBXBuildFile; fileRef = 4427FD8A2D34208100483980 /* Preview Assets.xcassets */; };
		4427FD952D34208200483980 /* Bear_Classifier_AppTests.swift in Sources */ = {isa = PBXBuildFile; fileRef = 4427FD942D34208200483980 /* Bear_Classifier_AppTests.swift */; };
		4427FD9F2D34208200483980 /* Bear_Classifier_AppUITests.swift in Sources */ = {isa = PBXBuildFile; fileRef = 4427FD9E2D34208200483980 /* Bear_Classifier_AppUITests.swift */; };
		4427FDA12D34208200483980 /* Bear_Classifier_AppUITestsLaunchTests.swift in Sources */ = {isa = PBXBuildFile; fileRef = 4427FDA02D34208200483980 /* Bear_Classifier_AppUITestsLaunchTests.swift */; };
/* End PBXBuildFile section */

/* Begin PBXContainerItemProxy section */
		4427FD912D34208200483980 /* PBXContainerItemProxy */ = {
			isa = PBXContainerItemProxy;
			containerPortal = 4427FD752D34207F00483980 /* Project object */;
			proxyType = 1;
			remoteGlobalIDString = 4427FD7C2D34207F00483980;
			remoteInfo = "Bear Classifier App";
		};
		4427FD9B2D34208200483980 /* PBXContainerItemProxy */ = {
			isa = PBXContainerItemProxy;
			containerPortal = 4427FD752D34207F00483980 /* Project object */;
			proxyType = 1;
			remoteGlobalIDString = 4427FD7C2D34207F00483980;
			remoteInfo = "Bear Classifier App";
		};
/* End PBXContainerItemProxy section */

/* Begin PBXFileReference section */
		4427FD7D2D34207F00483980 /* Bear Classifier App.app */ = {isa = PBXFileReference; explicitFileType = wrapper.application; includeInIndex = 0; path = "Bear Classifier App.app"; sourceTree = BUILT_PRODUCTS_DIR; };
		4427FD802D34207F00483980 /* Bear_Classifier_AppApp.swift */ = {isa = PBXFileReference; lastKnownFileType = sourcecode.swift; path = Bear_Classifier_AppApp.swift; sourceTree = "<group>"; };
		4427FD822D34207F00483980 /* ContentView.swift */ = {isa = PBXFileReference; lastKnownFileType = sourcecode.swift; path = ContentView.swift; sourceTree = "<group>"; };
		4427FD842D34207F00483980 /* Item.swift */ = {isa = PBXFileReference; lastKnownFileType = sourcecode.swift; path = Item.swift; sourceTree = "<group>"; };
		4427FD862D34208100483980 /* Assets.xcassets */ = {isa = PBXFileReference; lastKnownFileType = folder.assetcatalog; path = Assets.xcassets; sourceTree = "<group>"; };
		4427FD882D34208100483980 /* Bear_Classifier_App.entitlements */ = {isa = PBXFileReference; lastKnownFileType = text.plist.entitlements; path = Bear_Classifier_App.entitlements; sourceTree = "<group>"; };
		4427FD8A2D34208100483980 /* Preview Assets.xcassets */ = {isa = PBXFileReference; lastKnownFileType = folder.assetcatalog; path = "Preview Assets.xcassets"; sourceTree = "<group>"; };
		4427FD902D34208200483980 /* Bear Classifier AppTests.xctest */ = {isa = PBXFileReference; explicitFileType = wrapper.cfbundle; includeInIndex = 0; path = "Bear Classifier AppTests.xctest"; sourceTree = BUILT_PRODUCTS_DIR; };
		4427FD942D34208200483980 /* Bear_Classifier_AppTests.swift */ = {isa = PBXFileReference; lastKnownFileType = sourcecode.swift; path = Bear_Classifier_AppTests.swift; sourceTree = "<group>"; };
		4427FD9A2D34208200483980 /* Bear Classifier AppUITests.xctest */ = {isa = PBXFileReference; explicitFileType = wrapper.cfbundle; includeInIndex = 0; path = "Bear Classifier AppUITests.xctest"; sourceTree = BUILT_PRODUCTS_DIR; };
		4427FD9E2D34208200483980 /* Bear_Classifier_AppUITests.swift */ = {isa = PBXFileReference; lastKnownFileType = sourcecode.swift; path = Bear_Classifier_AppUITests.swift; sourceTree = "<group>"; };
		4427FDA02D34208200483980 /* Bear_Classifier_AppUITestsLaunchTests.swift */ = {isa = PBXFileReference; lastKnownFileType = sourcecode.swift; path = Bear_Classifier_AppUITestsLaunchTests.swift; sourceTree = "<group>"; };
/* End PBXFileReference section */

/* Begin PBXFrameworksBuildPhase section */
		4427FD7A2D34207F00483980 /* Frameworks */ = {
			isa = PBXFrameworksBuildPhase;
			buildActionMask = 2147483647;
			files = (
			);
			runOnlyForDeploymentPostprocessing = 0;
		};
		4427FD8D2D34208200483980 /* Frameworks */ = {
			isa = PBXFrameworksBuildPhase;
			buildActionMask = 2147483647;
			files = (
			);
			runOnlyForDeploymentPostprocessing = 0;
		};
		4427FD972D34208200483980 /* Frameworks */ = {
			isa = PBXFrameworksBuildPhase;
			buildActionMask = 2147483647;
			files = (
			);
			runOnlyForDeploymentPostprocessing = 0;
		};
/* End PBXFrameworksBuildPhase section */

/* Begin PBXGroup section */
		4427FD742D34207F00483980 = {
			isa = PBXGroup;
			children = (
				4427FD7F2D34207F00483980 /* Bear Classifier App */,
				4427FD932D34208200483980 /* Bear Classifier AppTests */,
				4427FD9D2D34208200483980 /* Bear Classifier AppUITests */,
				4427FD7E2D34207F00483980 /* Products */,
			);
			sourceTree = "<group>";
		};
		4427FD7E2D34207F00483980 /* Products */ = {
			isa = PBXGroup;
			children = (
				4427FD7D2D34207F00483980 /* Bear Classifier App.app */,
				4427FD902D34208200483980 /* Bear Classifier AppTests.xctest */,
				4427FD9A2D34208200483980 /* Bear Classifier AppUITests.xctest */,
			);
			name = Products;
			sourceTree = "<group>";
		};
		4427FD7F2D34207F00483980 /* Bear Classifier App */ = {
			isa = PBXGroup;
			children = (
				4427FD802D34207F00483980 /* Bear_Classifier_AppApp.swift */,
				4427FD822D34207F00483980 /* ContentView.swift */,
				4427FD842D34207F00483980 /* Item.swift */,
				4427FD862D34208100483980 /* Assets.xcassets */,
				4427FD882D34208100483980 /* Bear_Classifier_App.entitlements */,
				4427FD892D34208100483980 /* Preview Content */,
			);
			path = "Bear Classifier App";
			sourceTree = "<group>";
		};
		4427FD892D34208100483980 /* Preview Content */ = {
			isa = PBXGroup;
			children = (
				4427FD8A2D34208100483980 /* Preview Assets.xcassets */,
			);
			path = "Preview Content";
			sourceTree = "<group>";
		};
		4427FD932D34208200483980 /* Bear Classifier AppTests */ = {
			isa = PBXGroup;
			children = (
				4427FD942D34208200483980 /* Bear_Classifier_AppTests.swift */,
			);
			path = "Bear Classifier AppTests";
			sourceTree = "<group>";
		};
		4427FD9D2D34208200483980 /* Bear Classifier AppUITests */ = {
			isa = PBXGroup;
			children = (
				4427FD9E2D34208200483980 /* Bear_Classifier_AppUITests.swift */,
				4427FDA02D34208200483980 /* Bear_Classifier_AppUITestsLaunchTests.swift */,
			);
			path = "Bear Classifier AppUITests";
			sourceTree = "<group>";
		};
/* End PBXGroup section */

/* Begin PBXNativeTarget section */
		4427FD7C2D34207F00483980 /* Bear Classifier App */ = {
			isa = PBXNativeTarget;
			buildConfigurationList = 4427FDA42D34208200483980 /* Build configuration list for PBXNativeTarget "Bear Classifier App" */;
			buildPhases = (
				4427FD792D34207F00483980 /* Sources */,
				4427FD7A2D34207F00483980 /* Frameworks */,
				4427FD7B2D34207F00483980 /* Resources */,
			);
			buildRules = (
			);
			dependencies = (
			);
			name = "Bear Classifier App";
			productName = "Bear Classifier App";
			productReference = 4427FD7D2D34207F00483980 /* Bear Classifier App.app */;
			productType = "com.apple.product-type.application";
		};
		4427FD8F2D34208200483980 /* Bear Classifier AppTests */ = {
			isa = PBXNativeTarget;
			buildConfigurationList = 4427FDA72D34208200483980 /* Build configuration list for PBXNativeTarget "Bear Classifier AppTests" */;
			buildPhases = (
				4427FD8C2D34208200483980 /* Sources */,
				4427FD8D2D34208200483980 /* Frameworks */,
				4427FD8E2D34208200483980 /* Resources */,
			);
			buildRules = (
			);
			dependencies = (
				4427FD922D34208200483980 /* PBXTargetDependency */,
			);
			name = "Bear Classifier AppTests";
			productName = "Bear Classifier AppTests";
			productReference = 4427FD902D34208200483980 /* Bear Classifier AppTests.xctest */;
			productType = "com.apple.product-type.bundle.unit-test";
		};
		4427FD992D34208200483980 /* Bear Classifier AppUITests */ = {
			isa = PBXNativeTarget;
			buildConfigurationList = 4427FDAA2D34208200483980 /* Build configuration list for PBXNativeTarget "Bear Classifier AppUITests" */;
			buildPhases = (
				4427FD962D34208200483980 /* Sources */,
				4427FD972D34208200483980 /* Frameworks */,
				4427FD982D34208200483980 /* Resources */,
			);
			buildRules = (
			);
			dependencies = (
				4427FD9C2D34208200483980 /* PBXTargetDependency */,
			);
			name = "Bear Classifier AppUITests";
			productName = "Bear Classifier AppUITests";
			productReference = 4427FD9A2D34208200483980 /* Bear Classifier AppUITests.xctest */;
			productType = "com.apple.product-type.bundle.ui-testing";
		};
/* End PBXNativeTarget section */

/* Begin PBXProject section */
		4427FD752D34207F00483980 /* Project object */ = {
			isa = PBXProject;
			attributes = {
				BuildIndependentTargetsInParallel = 1;
				LastSwiftUpdateCheck = 1520;
				LastUpgradeCheck = 1520;
				TargetAttributes = {
					4427FD7C2D34207F00483980 = {
						CreatedOnToolsVersion = 15.2;
					};
					4427FD8F2D34208200483980 = {
						CreatedOnToolsVersion = 15.2;
						TestTargetID = 4427FD7C2D34207F00483980;
					};
					4427FD992D34208200483980 = {
						CreatedOnToolsVersion = 15.2;
						TestTargetID = 4427FD7C2D34207F00483980;
					};
				};
			};
			buildConfigurationList = 4427FD782D34207F00483980 /* Build configuration list for PBXProject "Bear Classifier App" */;
			compatibilityVersion = "Xcode 14.0";
			developmentRegion = en;
			hasScannedForEncodings = 0;
			knownRegions = (
				en,
				Base,
			);
			mainGroup = 4427FD742D34207F00483980;
			productRefGroup = 4427FD7E2D34207F00483980 /* Products */;
			projectDirPath = "";
			projectRoot = "";
			targets = (
				4427FD7C2D34207F00483980 /* Bear Classifier App */,
				4427FD8F2D34208200483980 /* Bear Classifier AppTests */,
				4427FD992D34208200483980 /* Bear Classifier AppUITests */,
			);
		};
/* End PBXProject section */

/* Begin PBXResourcesBuildPhase section */
		4427FD7B2D34207F00483980 /* Resources */ = {
			isa = PBXResourcesBuildPhase;
			buildActionMask = 2147483647;
			files = (
				4427FD8B2D34208100483980 /* Preview Assets.xcassets in Resources */,
				4427FD872D34208100483980 /* Assets.xcassets in Resources */,
			);
			runOnlyForDeploymentPostprocessing = 0;
		};
		4427FD8E2D34208200483980 /* Resources */ = {
			isa = PBXResourcesBuildPhase;
			buildActionMask = 2147483647;
			files = (
			);
			runOnlyForDeploymentPostprocessing = 0;
		};
		4427FD982D34208200483980 /* Resources */ = {
			isa = PBXResourcesBuildPhase;
			buildActionMask = 2147483647;
			files = (
			);
			runOnlyForDeploymentPostprocessing = 0;
		};
/* End PBXResourcesBuildPhase section */

/* Begin PBXSourcesBuildPhase section */
		4427FD792D34207F00483980 /* Sources */ = {
			isa = PBXSourcesBuildPhase;
			buildActionMask = 2147483647;
			files = (
				4427FD832D34207F00483980 /* ContentView.swift in Sources */,
				4427FD852D34207F00483980 /* Item.swift in Sources */,
				4427FD812D34207F00483980 /* Bear_Classifier_AppApp.swift in Sources */,
			);
			runOnlyForDeploymentPostprocessing = 0;
		};
		4427FD8C2D34208200483980 /* Sources */ = {
			isa = PBXSourcesBuildPhase;
			buildActionMask = 2147483647;
			files = (
				4427FD952D34208200483980 /* Bear_Classifier_AppTests.swift in Sources */,
			);
			runOnlyForDeploymentPostprocessing = 0;
		};
		4427FD962D34208200483980 /* Sources */ = {
			isa = PBXSourcesBuildPhase;
			buildActionMask = 2147483647;
			files = (
				4427FD9F2D34208200483980 /* Bear_Classifier_AppUITests.swift in Sources */,
				4427FDA12D34208200483980 /* Bear_Classifier_AppUITestsLaunchTests.swift in Sources */,
			);
			runOnlyForDeploymentPostprocessing = 0;
		};
/* End PBXSourcesBuildPhase section */

/* Begin PBXTargetDependency section */
		4427FD922D34208200483980 /* PBXTargetDependency */ = {
			isa = PBXTargetDependency;
			target = 4427FD7C2D34207F00483980 /* Bear Classifier App */;
			targetProxy = 4427FD912D34208200483980 /* PBXContainerItemProxy */;
		};
		4427FD9C2D34208200483980 /* PBXTargetDependency */ = {
			isa = PBXTargetDependency;
			target = 4427FD7C2D34207F00483980 /* Bear Classifier App */;
			targetProxy = 4427FD9B2D34208200483980 /* PBXContainerItemProxy */;
		};
/* End PBXTargetDependency section */

/* Begin XCBuildConfiguration section */
		4427FDA22D34208200483980 /* Debug */ = {
			isa = XCBuildConfiguration;
			buildSettings = {
				ALWAYS_SEARCH_USER_PATHS = NO;
				ASSETCATALOG_COMPILER_GENERATE_SWIFT_ASSET_SYMBOL_EXTENSIONS = YES;
				CLANG_ANALYZER_NONNULL = YES;
				CLANG_ANALYZER_NUMBER_OBJECT_CONVERSION = YES_AGGRESSIVE;
				CLANG_CXX_LANGUAGE_STANDARD = "gnu++20";
				CLANG_ENABLE_MODULES = YES;
				CLANG_ENABLE_OBJC_ARC = YES;
				CLANG_ENABLE_OBJC_WEAK = YES;
				CLANG_WARN_BLOCK_CAPTURE_AUTORELEASING = YES;
				CLANG_WARN_BOOL_CONVERSION = YES;
				CLANG_WARN_COMMA = YES;
				CLANG_WARN_CONSTANT_CONVERSION = YES;
				CLANG_WARN_DEPRECATED_OBJC_IMPLEMENTATIONS = YES;
				CLANG_WARN_DIRECT_OBJC_ISA_USAGE = YES_ERROR;
				CLANG_WARN_DOCUMENTATION_COMMENTS = YES;
				CLANG_WARN_EMPTY_BODY = YES;
				CLANG_WARN_ENUM_CONVERSION = YES;
				CLANG_WARN_INFINITE_RECURSION = YES;
				CLANG_WARN_INT_CONVERSION = YES;
				CLANG_WARN_NON_LITERAL_NULL_CONVERSION = YES;
				CLANG_WARN_OBJC_IMPLICIT_RETAIN_SELF = YES;
				CLANG_WARN_OBJC_LITERAL_CONVERSION = YES;
				CLANG_WARN_OBJC_ROOT_CLASS = YES_ERROR;
				CLANG_WARN_QUOTED_INCLUDE_IN_FRAMEWORK_HEADER = YES;
				CLANG_WARN_RANGE_LOOP_ANALYSIS = YES;
				CLANG_WARN_STRICT_PROTOTYPES = YES;
				CLANG_WARN_SUSPICIOUS_MOVE = YES;
				CLANG_WARN_UNGUARDED_AVAILABILITY = YES_AGGRESSIVE;
				CLANG_WARN_UNREACHABLE_CODE = YES;
				CLANG_WARN__DUPLICATE_METHOD_MATCH = YES;
				COPY_PHASE_STRIP = NO;
				DEBUG_INFORMATION_FORMAT = dwarf;
				ENABLE_STRICT_OBJC_MSGSEND = YES;
				ENABLE_TESTABILITY = YES;
				ENABLE_USER_SCRIPT_SANDBOXING = YES;
				GCC_C_LANGUAGE_STANDARD = gnu17;
				GCC_DYNAMIC_NO_PIC = NO;
				GCC_NO_COMMON_BLOCKS = YES;
				GCC_OPTIMIZATION_LEVEL = 0;
				GCC_PREPROCESSOR_DEFINITIONS = (
					"DEBUG=1",
					"$(inherited)",
				);
				GCC_WARN_64_TO_32_BIT_CONVERSION = YES;
				GCC_WARN_ABOUT_RETURN_TYPE = YES_ERROR;
				GCC_WARN_UNDECLARED_SELECTOR = YES;
				GCC_WARN_UNINITIALIZED_AUTOS = YES_AGGRESSIVE;
				GCC_WARN_UNUSED_FUNCTION = YES;
				GCC_WARN_UNUSED_VARIABLE = YES;
				LOCALIZATION_PREFERS_STRING_CATALOGS = YES;
				MTL_ENABLE_DEBUG_INFO = INCLUDE_SOURCE;
				MTL_FAST_MATH = YES;
				ONLY_ACTIVE_ARCH = YES;
				SWIFT_ACTIVE_COMPILATION_CONDITIONS = "DEBUG $(inherited)";
				SWIFT_OPTIMIZATION_LEVEL = "-Onone";
			};
			name = Debug;
		};
		4427FDA32D34208200483980 /* Release */ = {
			isa = XCBuildConfiguration;
			buildSettings = {
				ALWAYS_SEARCH_USER_PATHS = NO;
				ASSETCATALOG_COMPILER_GENERATE_SWIFT_ASSET_SYMBOL_EXTENSIONS = YES;
				CLANG_ANALYZER_NONNULL = YES;
				CLANG_ANALYZER_NUMBER_OBJECT_CONVERSION = YES_AGGRESSIVE;
				CLANG_CXX_LANGUAGE_STANDARD = "gnu++20";
				CLANG_ENABLE_MODULES = YES;
				CLANG_ENABLE_OBJC_ARC = YES;
				CLANG_ENABLE_OBJC_WEAK = YES;
				CLANG_WARN_BLOCK_CAPTURE_AUTORELEASING = YES;
				CLANG_WARN_BOOL_CONVERSION = YES;
				CLANG_WARN_COMMA = YES;
				CLANG_WARN_CONSTANT_CONVERSION = YES;
				CLANG_WARN_DEPRECATED_OBJC_IMPLEMENTATIONS = YES;
				CLANG_WARN_DIRECT_OBJC_ISA_USAGE = YES_ERROR;
				CLANG_WARN_DOCUMENTATION_COMMENTS = YES;
				CLANG_WARN_EMPTY_BODY = YES;
				CLANG_WARN_ENUM_CONVERSION = YES;
				CLANG_WARN_INFINITE_RECURSION = YES;
				CLANG_WARN_INT_CONVERSION = YES;
				CLANG_WARN_NON_LITERAL_NULL_CONVERSION = YES;
				CLANG_WARN_OBJC_IMPLICIT_RETAIN_SELF = YES;
				CLANG_WARN_OBJC_LITERAL_CONVERSION = YES;
				CLANG_WARN_OBJC_ROOT_CLASS = YES_ERROR;
				CLANG_WARN_QUOTED_INCLUDE_IN_FRAMEWORK_HEADER = YES;
				CLANG_WARN_RANGE_LOOP_ANALYSIS = YES;
				CLANG_WARN_STRICT_PROTOTYPES = YES;
				CLANG_WARN_SUSPICIOUS_MOVE = YES;
				CLANG_WARN_UNGUARDED_AVAILABILITY = YES_AGGRESSIVE;
				CLANG_WARN_UNREACHABLE_CODE = YES;
				CLANG_WARN__DUPLICATE_METHOD_MATCH = YES;
				COPY_PHASE_STRIP = NO;
				DEBUG_INFORMATION_FORMAT = "dwarf-with-dsym";
				ENABLE_NS_ASSERTIONS = NO;
				ENABLE_STRICT_OBJC_MSGSEND = YES;
				ENABLE_USER_SCRIPT_SANDBOXING = YES;
				GCC_C_LANGUAGE_STANDARD = gnu17;
				GCC_NO_COMMON_BLOCKS = YES;
				GCC_WARN_64_TO_32_BIT_CONVERSION = YES;
				GCC_WARN_ABOUT_RETURN_TYPE = YES_ERROR;
				GCC_WARN_UNDECLARED_SELECTOR = YES;
				GCC_WARN_UNINITIALIZED_AUTOS = YES_AGGRESSIVE;
				GCC_WARN_UNUSED_FUNCTION = YES;
				GCC_WARN_UNUSED_VARIABLE = YES;
				LOCALIZATION_PREFERS_STRING_CATALOGS = YES;
				MTL_ENABLE_DEBUG_INFO = NO;
				MTL_FAST_MATH = YES;
				SWIFT_COMPILATION_MODE = wholemodule;
			};
			name = Release;
		};
		4427FDA52D34208200483980 /* Debug */ = {
			isa = XCBuildConfiguration;
			buildSettings = {
				ASSETCATALOG_COMPILER_APPICON_NAME = AppIcon;
				ASSETCATALOG_COMPILER_GLOBAL_ACCENT_COLOR_NAME = AccentColor;
				CODE_SIGN_ENTITLEMENTS = "Bear Classifier App/Bear_Classifier_App.entitlements";
				CODE_SIGN_STYLE = Automatic;
				CURRENT_PROJECT_VERSION = 1;
				DEVELOPMENT_ASSET_PATHS = "\"Bear Classifier App/Preview Content\"";
				ENABLE_PREVIEWS = YES;
				GENERATE_INFOPLIST_FILE = YES;
				"INFOPLIST_KEY_UIApplicationSceneManifest_Generation[sdk=iphoneos*]" = YES;
				"INFOPLIST_KEY_UIApplicationSceneManifest_Generation[sdk=iphonesimulator*]" = YES;
				"INFOPLIST_KEY_UIApplicationSupportsIndirectInputEvents[sdk=iphoneos*]" = YES;
				"INFOPLIST_KEY_UIApplicationSupportsIndirectInputEvents[sdk=iphonesimulator*]" = YES;
				"INFOPLIST_KEY_UILaunchScreen_Generation[sdk=iphoneos*]" = YES;
				"INFOPLIST_KEY_UILaunchScreen_Generation[sdk=iphonesimulator*]" = YES;
				"INFOPLIST_KEY_UIStatusBarStyle[sdk=iphoneos*]" = UIStatusBarStyleDefault;
				"INFOPLIST_KEY_UIStatusBarStyle[sdk=iphonesimulator*]" = UIStatusBarStyleDefault;
				INFOPLIST_KEY_UISupportedInterfaceOrientations_iPad = "UIInterfaceOrientationPortrait UIInterfaceOrientationPortraitUpsideDown UIInterfaceOrientationLandscapeLeft UIInterfaceOrientationLandscapeRight";
				INFOPLIST_KEY_UISupportedInterfaceOrientations_iPhone = "UIInterfaceOrientationPortrait UIInterfaceOrientationLandscapeLeft UIInterfaceOrientationLandscapeRight";
				IPHONEOS_DEPLOYMENT_TARGET = 17.2;
				LD_RUNPATH_SEARCH_PATHS = "@executable_path/Frameworks";
				"LD_RUNPATH_SEARCH_PATHS[sdk=macosx*]" = "@executable_path/../Frameworks";
				MACOSX_DEPLOYMENT_TARGET = 14.0;
				MARKETING_VERSION = 1.0;
				PRODUCT_BUNDLE_IDENTIFIER = "net.qasimkhan.Bear-Classifier-App";
				PRODUCT_NAME = "$(TARGET_NAME)";
				SDKROOT = auto;
				SUPPORTED_PLATFORMS = "iphoneos iphonesimulator macosx";
				SWIFT_EMIT_LOC_STRINGS = YES;
				SWIFT_VERSION = 5.0;
				TARGETED_DEVICE_FAMILY = "1,2";
			};
			name = Debug;
		};
		4427FDA62D34208200483980 /* Release */ = {
			isa = XCBuildConfiguration;
			buildSettings = {
				ASSETCATALOG_COMPILER_APPICON_NAME = AppIcon;
				ASSETCATALOG_COMPILER_GLOBAL_ACCENT_COLOR_NAME = AccentColor;
				CODE_SIGN_ENTITLEMENTS = "Bear Classifier App/Bear_Classifier_App.entitlements";
				CODE_SIGN_STYLE = Automatic;
				CURRENT_PROJECT_VERSION = 1;
				DEVELOPMENT_ASSET_PATHS = "\"Bear Classifier App/Preview Content\"";
				ENABLE_PREVIEWS = YES;
				GENERATE_INFOPLIST_FILE = YES;
				"INFOPLIST_KEY_UIApplicationSceneManifest_Generation[sdk=iphoneos*]" = YES;
				"INFOPLIST_KEY_UIApplicationSceneManifest_Generation[sdk=iphonesimulator*]" = YES;
				"INFOPLIST_KEY_UIApplicationSupportsIndirectInputEvents[sdk=iphoneos*]" = YES;
				"INFOPLIST_KEY_UIApplicationSupportsIndirectInputEvents[sdk=iphonesimulator*]" = YES;
				"INFOPLIST_KEY_UILaunchScreen_Generation[sdk=iphoneos*]" = YES;
				"INFOPLIST_KEY_UILaunchScreen_Generation[sdk=iphonesimulator*]" = YES;
				"INFOPLIST_KEY_UIStatusBarStyle[sdk=iphoneos*]" = UIStatusBarStyleDefault;
				"INFOPLIST_KEY_UIStatusBarStyle[sdk=iphonesimulator*]" = UIStatusBarStyleDefault;
				INFOPLIST_KEY_UISupportedInterfaceOrientations_iPad = "UIInterfaceOrientationPortrait UIInterfaceOrientationPortraitUpsideDown UIInterfaceOrientationLandscapeLeft UIInterfaceOrientationLandscapeRight";
				INFOPLIST_KEY_UISupportedInterfaceOrientations_iPhone = "UIInterfaceOrientationPortrait UIInterfaceOrientationLandscapeLeft UIInterfaceOrientationLandscapeRight";
				IPHONEOS_DEPLOYMENT_TARGET = 17.2;
				LD_RUNPATH_SEARCH_PATHS = "@executable_path/Frameworks";
				"LD_RUNPATH_SEARCH_PATHS[sdk=macosx*]" = "@executable_path/../Frameworks";
				MACOSX_DEPLOYMENT_TARGET = 14.0;
				MARKETING_VERSION = 1.0;
				PRODUCT_BUNDLE_IDENTIFIER = "net.qasimkhan.Bear-Classifier-App";
				PRODUCT_NAME = "$(TARGET_NAME)";
				SDKROOT = auto;
				SUPPORTED_PLATFORMS = "iphoneos iphonesimulator macosx";
				SWIFT_EMIT_LOC_STRINGS = YES;
				SWIFT_VERSION = 5.0;
				TARGETED_DEVICE_FAMILY = "1,2";
			};
			name = Release;
		};
		4427FDA82D34208200483980 /* Debug */ = {
			isa = XCBuildConfiguration;
			buildSettings = {
				ALWAYS_EMBED_SWIFT_STANDARD_LIBRARIES = YES;
				BUNDLE_LOADER = "$(TEST_HOST)";
				CODE_SIGN_STYLE = Automatic;
				CURRENT_PROJECT_VERSION = 1;
				GENERATE_INFOPLIST_FILE = YES;
				IPHONEOS_DEPLOYMENT_TARGET = 17.2;
				MACOSX_DEPLOYMENT_TARGET = 13.6;
				MARKETING_VERSION = 1.0;
				PRODUCT_BUNDLE_IDENTIFIER = "net.qasimkhan.Bear-Classifier-AppTests";
				PRODUCT_NAME = "$(TARGET_NAME)";
				SDKROOT = auto;
				SUPPORTED_PLATFORMS = "iphoneos iphonesimulator macosx";
				SWIFT_EMIT_LOC_STRINGS = NO;
				SWIFT_VERSION = 5.0;
				TARGETED_DEVICE_FAMILY = "1,2";
				TEST_HOST = "$(BUILT_PRODUCTS_DIR)/Bear Classifier App.app/$(BUNDLE_EXECUTABLE_FOLDER_PATH)/Bear Classifier App";
			};
			name = Debug;
		};
		4427FDA92D34208200483980 /* Release */ = {
			isa = XCBuildConfiguration;
			buildSettings = {
				ALWAYS_EMBED_SWIFT_STANDARD_LIBRARIES = YES;
				BUNDLE_LOADER = "$(TEST_HOST)";
				CODE_SIGN_STYLE = Automatic;
				CURRENT_PROJECT_VERSION = 1;
				GENERATE_INFOPLIST_FILE = YES;
				IPHONEOS_DEPLOYMENT_TARGET = 17.2;
				MACOSX_DEPLOYMENT_TARGET = 13.6;
				MARKETING_VERSION = 1.0;
				PRODUCT_BUNDLE_IDENTIFIER = "net.qasimkhan.Bear-Classifier-AppTests";
				PRODUCT_NAME = "$(TARGET_NAME)";
				SDKROOT = auto;
				SUPPORTED_PLATFORMS = "iphoneos iphonesimulator macosx";
				SWIFT_EMIT_LOC_STRINGS = NO;
				SWIFT_VERSION = 5.0;
				TARGETED_DEVICE_FAMILY = "1,2";
				TEST_HOST = "$(BUILT_PRODUCTS_DIR)/Bear Classifier App.app/$(BUNDLE_EXECUTABLE_FOLDER_PATH)/Bear Classifier App";
			};
			name = Release;
		};
		4427FDAB2D34208200483980 /* Debug */ = {
			isa = XCBuildConfiguration;
			buildSettings = {
				ALWAYS_EMBED_SWIFT_STANDARD_LIBRARIES = YES;
				CODE_SIGN_STYLE = Automatic;
				CURRENT_PROJECT_VERSION = 1;
				GENERATE_INFOPLIST_FILE = YES;
				IPHONEOS_DEPLOYMENT_TARGET = 17.2;
				MACOSX_DEPLOYMENT_TARGET = 13.6;
				MARKETING_VERSION = 1.0;
				PRODUCT_BUNDLE_IDENTIFIER = "net.qasimkhan.Bear-Classifier-AppUITests";
				PRODUCT_NAME = "$(TARGET_NAME)";
				SDKROOT = auto;
				SUPPORTED_PLATFORMS = "iphoneos iphonesimulator macosx";
				SWIFT_EMIT_LOC_STRINGS = NO;
				SWIFT_VERSION = 5.0;
				TARGETED_DEVICE_FAMILY = "1,2";
				TEST_TARGET_NAME = "Bear Classifier App";
			};
			name = Debug;
		};
		4427FDAC2D34208200483980 /* Release */ = {
			isa = XCBuildConfiguration;
			buildSettings = {
				ALWAYS_EMBED_SWIFT_STANDARD_LIBRARIES = YES;
				CODE_SIGN_STYLE = Automatic;
				CURRENT_PROJECT_VERSION = 1;
				GENERATE_INFOPLIST_FILE = YES;
				IPHONEOS_DEPLOYMENT_TARGET = 17.2;
				MACOSX_DEPLOYMENT_TARGET = 13.6;
				MARKETING_VERSION = 1.0;
				PRODUCT_BUNDLE_IDENTIFIER = "net.qasimkhan.Bear-Classifier-AppUITests";
				PRODUCT_NAME = "$(TARGET_NAME)";
				SDKROOT = auto;
				SUPPORTED_PLATFORMS = "iphoneos iphonesimulator macosx";
				SWIFT_EMIT_LOC_STRINGS = NO;
				SWIFT_VERSION = 5.0;
				TARGETED_DEVICE_FAMILY = "1,2";
				TEST_TARGET_NAME = "Bear Classifier App";
			};
			name = Release;
		};
/* End XCBuildConfiguration section */

/* Begin XCConfigurationList section */
		4427FD782D34207F00483980 /* Build configuration list for PBXProject "Bear Classifier App" */ = {
			isa = XCConfigurationList;
			buildConfigurations = (
				4427FDA22D34208200483980 /* Debug */,
				4427FDA32D34208200483980 /* Release */,
			);
			defaultConfigurationIsVisible = 0;
			defaultConfigurationName = Release;
		};
		4427FDA42D34208200483980 /* Build configuration list for PBXNativeTarget "Bear Classifier App" */ = {
			isa = XCConfigurationList;
			buildConfigurations = (
				4427FDA52D34208200483980 /* Debug */,
				4427FDA62D34208200483980 /* Release */,
			);
			defaultConfigurationIsVisible = 0;
			defaultConfigurationName = Release;
		};
		4427FDA72D34208200483980 /* Build configuration list for PBXNativeTarget "Bear Classifier AppTests" */ = {
			isa = XCConfigurationList;
			buildConfigurations = (
				4427FDA82D34208200483980 /* Debug */,
				4427FDA92D34208200483980 /* Release */,
			);
			defaultConfigurationIsVisible = 0;
			defaultConfigurationName = Release;
		};
		4427FDAA2D34208200483980 /* Build configuration list for PBXNativeTarget "Bear Classifier AppUITests" */ = {
			isa = XCConfigurationList;
			buildConfigurations = (
				4427FDAB2D34208200483980 /* Debug */,
				4427FDAC2D34208200483980 /* Release */,
			);
			defaultConfigurationIsVisible = 0;
			defaultConfigurationName = Release;
		};
/* End XCConfigurationList section */
	};
	rootObject = 4427FD752D34207F00483980 /* Project object */;
}
